<?xml version="1.0" encoding="utf-8"?>
<Project ToolsVersion="4.0" xmlns="http://schemas.microsoft.com/developer/msbuild/2003">
  <ItemGroup>
    <Filter Include="Source Files">
      <UniqueIdentifier>{4FC737F1-C7A5-4376-A066-2A32D752A2FF}</UniqueIdentifier>
      <Extensions>cpp;c;cc;cxx;c++;cppm;ixx;def;odl;idl;hpj;bat;asm;asmx</Extensions>
    </Filter>
    <Filter Include="Header Files">
      <UniqueIdentifier>{93995380-89BD-4b04-88EB-625FBE52EBFB}</UniqueIdentifier>
      <Extensions>h;hh;hpp;hxx;h++;hm;inl;inc;ipp;xsd</Extensions>
    </Filter>
    <Filter Include="Resource Files">
      <UniqueIdentifier>{67DA6AB6-F800-4c08-8B7A-83BB121AAD01}</UniqueIdentifier>
      <Extensions>rc;ico;cur;bmp;dlg;rc2;rct;bin;rgs;gif;jpg;jpeg;jpe;resx;tiff;tif;png;wav;mfcribbon-ms</Extensions>
    </Filter>
  </ItemGroup>
  <ItemGroup>
    <ClCompile Include="SmartCar-Dashboard.cpp">
      <Filter>Source Files</Filter>
    </ClCompile>
    <ClCompile Include="ShaderUtils\Shader.cpp">
      <Filter>Source Files</Filter>
    </ClCompile>
    <ClCompile Include="Callback\Callback.cpp">
      <Filter>Source Files</Filter>
    </ClCompile>
    <ClCompile Include="Car\car.cpp">
      <Filter>Source Files</Filter>
    </ClCompile>
    <ClCompile Include="Car\TestBed.cpp">
      <Filter>Source Files</Filter>
    </ClCompile>
    <ClCompile Include="ShaderUtils\state.cpp">
      <Filter>Source Files</Filter>
    </ClCompile>
    <ClCompile Include="ShaderUtils\Texture.cpp">
      <Filter>Source Files</Filter>
    </ClCompile>
    <ClCompile Include="Render\SpeedHandRenderer.cpp">
      <Filter>Source Files</Filter>
    </ClCompile>
    <ClCompile Include="Render\BackgroundRenderer.cpp">
      <Filter>Source Files</Filter>
    </ClCompile>
    <ClCompile Include="Vertex\VertexBuffer.cpp">
      <Filter>Source Files</Filter>
    </ClCompile>
    <ClCompile Include="Vertex\VertexBufferLayout.cpp">
      <Filter>Source Files</Filter>
    </ClCompile>
    <ClCompile Include="Vertex\VertexArray.cpp">
      <Filter>Source Files</Filter>
    </ClCompile>
    <ClCompile Include="ShaderUtils\Utils.cpp">
      <Filter>Source Files</Filter>
    </ClCompile>
  </ItemGroup>
  <ItemGroup>
    <None Include="packages.config" />
    <None Include="ShaderUtils\Shader\basic.frag" />
    <None Include="ShaderUtils\Shader\basic.vert" />
    <None Include="ShaderUtils\Shader\mix.frag" />
    <None Include="ShaderUtils\Shader\transform.vert" />
    <None Include="ShaderUtils\Shader\blink.frag" />
    <None Include="ShaderUtils\Shader\basicCol.frag" />
    <None Include="ShaderUtils\Shader\basicCol.vert" />
    <None Include="ShaderUtils\Shader\blinkCol.frag" />
    <None Include="ShaderUtils\Shader\radio.frag" />
    <None Include="ShaderUtils\Shader\radio.vert" />
  </ItemGroup>
  <ItemGroup>
    <ClInclude Include="ShaderUtils\Shader.h">
      <Filter>Header Files</Filter>
    </ClInclude>
    <ClInclude Include="Callback\Callback.h">
      <Filter>Header Files</Filter>
    </ClInclude>
    <ClInclude Include="Car\car.h">
      <Filter>Header Files</Filter>
    </ClInclude>
    <ClInclude Include="Car\TestBed.h">
      <Filter>Header Files</Filter>
    </ClInclude>
    <ClInclude Include="ShaderUtils\stb_image.h">
      <Filter>Header Files</Filter>
    </ClInclude>
    <ClInclude Include="ShaderUtils\state.h">
      <Filter>Header Files</Filter>
    </ClInclude>
    <ClInclude Include="ShaderUtils\Texture.h">
      <Filter>Header Files</Filter>
    </ClInclude>
    <ClInclude Include="Render\BaseRenderer.h">
      <Filter>Header Files</Filter>
    </ClInclude>
    <ClInclude Include="Render\SpeedHandRenderer.h">
      <Filter>Header Files</Filter>
    </ClInclude>
    <ClInclude Include="Render\BackgroundRenderer.h">
      <Filter>Header Files</Filter>
    </ClInclude>
    <ClInclude Include="Vertex\VertexBuffer.h">
      <Filter>Header Files</Filter>
    </ClInclude>
    <ClInclude Include="Vertex\VertexBufferLayout.h">
      <Filter>Header Files</Filter>
    </ClInclude>
    <ClInclude Include="Vertex\VertexArray.h">
      <Filter>Header Files</Filter>
    </ClInclude>
    <ClInclude Include="Vertex\Vertex.h">
      <Filter>Header Files</Filter>
    </ClInclude>
    <ClInclude Include="ShaderUtils\Utils.h">
      <Filter>Header Files</Filter>
    </ClInclude>
  </ItemGroup>
  <ItemGroup>
    <Image Include="res\speedometer.png">
      <Filter>Resource Files</Filter>
    </Image>
    <Image Include="res\map.jpg">
      <Filter>Resource Files</Filter>
    </Image>
    <Image Include="res\visor.png">
      <Filter>Resource Files</Filter>
    </Image>
    <Image Include="res\arrow-left.png">
      <Filter>Resource Files</Filter>
    </Image>
    <Image Include="res\arrow.png">
      <Filter>Resource Files</Filter>
    </Image>
    <Image Include="res\speed_hand.png">
      <Filter>Resource Files</Filter>
    </Image>
    <Image Include="res\number.png">
      <Filter>Resource Files</Filter>
    </Image>
  </ItemGroup>
</Project>